
Microsoft Visual Studio Solution File, Format Version 12.00
# Visual Studio 15
VisualStudioVersion = 15.0.27130.2027
MinimumVisualStudioVersion = 10.0.40219.1
Project("{9A19103F-16F7-4668-BE54-9A1E7A4F7556}") = "Fingerprints.Run", "Fingerprints.Run\Fingerprints.Run.csproj", "{07431BCB-FA60-467E-9390-B5C931B3225E}"
EndProject
Project("{9A19103F-16F7-4668-BE54-9A1E7A4F7556}") = "Fingerprints", "Fingerprints\Fingerprints.csproj", "{1A895B70-7619-4026-8B65-0050235B4BCF}"
EndProject
Global
	GlobalSection(SolutionConfigurationPlatforms) = preSolution
		Debug|Any CPU = Debug|Any CPU
		Release|Any CPU = Release|Any CPU
	EndGlobalSection
	GlobalSection(ProjectConfigurationPlatforms) = postSolution
		{07431BCB-FA60-467E-9390-B5C931B3225E}.Debug|Any CPU.ActiveCfg = Debug|Any CPU
		{07431BCB-FA60-467E-9390-B5C931B3225E}.Debug|Any CPU.Build.0 = Debug|Any CPU
		{07431BCB-FA60-467E-9390-B5C931B3225E}.Release|Any CPU.ActiveCfg = Release|Any CPU
		{07431BCB-FA60-467E-9390-B5C931B3225E}.Release|Any CPU.Build.0 = Release|Any CPU
		{1A895B70-7619-4026-8B65-0050235B4BCF}.Debug|Any CPU.ActiveCfg = Debug|Any CPU
		{1A895B70-7619-4026-8B65-0050235B4BCF}.Debug|Any CPU.Build.0 = Debug|Any CPU
		{1A895B70-7619-4026-8B65-0050235B4BCF}.Release|Any CPU.ActiveCfg = Release|Any CPU
		{1A895B70-7619-4026-8B65-0050235B4BCF}.Release|Any CPU.Build.0 = Release|Any CPU
	EndGlobalSection
	GlobalSection(SolutionProperties) = preSolution
		HideSolutionNode = FALSE
	EndGlobalSection
	GlobalSection(ExtensibilityGlobals) = postSolution
		SolutionGuid = {7154781C-C88E-4553-BB98-DE018E2049C8}
	EndGlobalSection
EndGlobal
