
Microsoft Visual Studio Solution File, Format Version 12.00
# Visual Studio 15
VisualStudioVersion = 15.0.27130.2027
MinimumVisualStudioVersion = 10.0.40219.1
Project("{9A19103F-16F7-4668-BE54-9A1E7A4F7556}") = "Fingerprints", "..\Fingerprints\Fingerprints.csproj", "{B9CCFA88-01FD-4E78-B837-938B64E1EE10}"
EndProject
Project("{9A19103F-16F7-4668-BE54-9A1E7A4F7556}") = "Fingerprints.Run", "..\Fingerprints.Run\Fingerprints.Run.csproj", "{50D225CE-4374-4B95-BA60-DAF0B95CA893}"
EndProject
Global
	GlobalSection(SolutionConfigurationPlatforms) = preSolution
		Debug|Any CPU = Debug|Any CPU
		Debug|Mixed Platforms = Debug|Mixed Platforms
		Debug|x86 = Debug|x86
		Release|Any CPU = Release|Any CPU
		Release|Mixed Platforms = Release|Mixed Platforms
		Release|x86 = Release|x86
	EndGlobalSection
	GlobalSection(ProjectConfigurationPlatforms) = postSolution
		{B9CCFA88-01FD-4E78-B837-938B64E1EE10}.Debug|Any CPU.ActiveCfg = Debug|Any CPU
		{B9CCFA88-01FD-4E78-B837-938B64E1EE10}.Debug|Any CPU.Build.0 = Debug|Any CPU
		{B9CCFA88-01FD-4E78-B837-938B64E1EE10}.Debug|Mixed Platforms.ActiveCfg = Debug|Any CPU
		{B9CCFA88-01FD-4E78-B837-938B64E1EE10}.Debug|Mixed Platforms.Build.0 = Debug|Any CPU
		{B9CCFA88-01FD-4E78-B837-938B64E1EE10}.Debug|x86.ActiveCfg = Debug|Any CPU
		{B9CCFA88-01FD-4E78-B837-938B64E1EE10}.Debug|x86.Build.0 = Debug|Any CPU
		{B9CCFA88-01FD-4E78-B837-938B64E1EE10}.Release|Any CPU.ActiveCfg = Release|Any CPU
		{B9CCFA88-01FD-4E78-B837-938B64E1EE10}.Release|Any CPU.Build.0 = Release|Any CPU
		{B9CCFA88-01FD-4E78-B837-938B64E1EE10}.Release|Mixed Platforms.ActiveCfg = Release|Any CPU
		{B9CCFA88-01FD-4E78-B837-938B64E1EE10}.Release|Mixed Platforms.Build.0 = Release|Any CPU
		{B9CCFA88-01FD-4E78-B837-938B64E1EE10}.Release|x86.ActiveCfg = Release|Any CPU
		{B9CCFA88-01FD-4E78-B837-938B64E1EE10}.Release|x86.Build.0 = Release|Any CPU
		{50D225CE-4374-4B95-BA60-DAF0B95CA893}.Debug|Any CPU.ActiveCfg = Debug|Any CPU
		{50D225CE-4374-4B95-BA60-DAF0B95CA893}.Debug|Any CPU.Build.0 = Debug|Any CPU
		{50D225CE-4374-4B95-BA60-DAF0B95CA893}.Debug|Mixed Platforms.ActiveCfg = Debug|Any CPU
		{50D225CE-4374-4B95-BA60-DAF0B95CA893}.Debug|Mixed Platforms.Build.0 = Debug|Any CPU
		{50D225CE-4374-4B95-BA60-DAF0B95CA893}.Debug|x86.ActiveCfg = Debug|Any CPU
		{50D225CE-4374-4B95-BA60-DAF0B95CA893}.Debug|x86.Build.0 = Debug|Any CPU
		{50D225CE-4374-4B95-BA60-DAF0B95CA893}.Release|Any CPU.ActiveCfg = Release|Any CPU
		{50D225CE-4374-4B95-BA60-DAF0B95CA893}.Release|Any CPU.Build.0 = Release|Any CPU
		{50D225CE-4374-4B95-BA60-DAF0B95CA893}.Release|Mixed Platforms.ActiveCfg = Release|Any CPU
		{50D225CE-4374-4B95-BA60-DAF0B95CA893}.Release|Mixed Platforms.Build.0 = Release|Any CPU
		{50D225CE-4374-4B95-BA60-DAF0B95CA893}.Release|x86.ActiveCfg = Release|Any CPU
		{50D225CE-4374-4B95-BA60-DAF0B95CA893}.Release|x86.Build.0 = Release|Any CPU
	EndGlobalSection
	GlobalSection(SolutionProperties) = preSolution
		HideSolutionNode = FALSE
	EndGlobalSection
	GlobalSection(ExtensibilityGlobals) = postSolution
		SolutionGuid = {672873E4-0948-440E-9511-0D4F613DB400}
	EndGlobalSection
	GlobalSection(Performance) = preSolution
		HasPerformanceSessions = true
	EndGlobalSection
EndGlobal
