
Microsoft Visual Studio Solution File, Format Version 12.00
# Visual Studio 15
VisualStudioVersion = 15.0.27004.2006
MinimumVisualStudioVersion = 10.0.40219.1
Project("{2150E333-8FDC-42A3-9474-1A3956D46DE8}") = "Applications", "Applications", "{13DD940F-CA5E-41BF-929F-38DC2BC1783C}"
EndProject
Project("{FAE04EC0-301F-11D3-BF4B-00C04F79EFBC}") = "FR.Core", "FR.Core\FR.Core.csproj", "{87BA1818-BFBF-4DBF-A335-70529989E13E}"
EndProject
Project("{FAE04EC0-301F-11D3-BF4B-00C04F79EFBC}") = "FR.FMExperimenter", "FR.FMExperimenter\FR.FMExperimenter.csproj", "{705DAC9E-2754-4C90-B07F-78630506D96D}"
EndProject
Global
	GlobalSection(SolutionConfigurationPlatforms) = preSolution
		Debug|Any CPU = Debug|Any CPU
		Debug|Mixed Platforms = Debug|Mixed Platforms
		Debug|x86 = Debug|x86
		Release|Any CPU = Release|Any CPU
		Release|Mixed Platforms = Release|Mixed Platforms
		Release|x86 = Release|x86
	EndGlobalSection
	GlobalSection(ProjectConfigurationPlatforms) = postSolution
		{87BA1818-BFBF-4DBF-A335-70529989E13E}.Debug|Any CPU.ActiveCfg = Debug|Any CPU
		{87BA1818-BFBF-4DBF-A335-70529989E13E}.Debug|Any CPU.Build.0 = Debug|Any CPU
		{87BA1818-BFBF-4DBF-A335-70529989E13E}.Debug|Mixed Platforms.ActiveCfg = Debug|Any CPU
		{87BA1818-BFBF-4DBF-A335-70529989E13E}.Debug|Mixed Platforms.Build.0 = Debug|Any CPU
		{87BA1818-BFBF-4DBF-A335-70529989E13E}.Debug|x86.ActiveCfg = Debug|Any CPU
		{87BA1818-BFBF-4DBF-A335-70529989E13E}.Release|Any CPU.ActiveCfg = Release|Any CPU
		{87BA1818-BFBF-4DBF-A335-70529989E13E}.Release|Any CPU.Build.0 = Release|Any CPU
		{87BA1818-BFBF-4DBF-A335-70529989E13E}.Release|Mixed Platforms.ActiveCfg = Release|Any CPU
		{87BA1818-BFBF-4DBF-A335-70529989E13E}.Release|Mixed Platforms.Build.0 = Release|Any CPU
		{87BA1818-BFBF-4DBF-A335-70529989E13E}.Release|x86.ActiveCfg = Release|Any CPU
		{705DAC9E-2754-4C90-B07F-78630506D96D}.Debug|Any CPU.ActiveCfg = Debug|Any CPU
		{705DAC9E-2754-4C90-B07F-78630506D96D}.Debug|Any CPU.Build.0 = Debug|Any CPU
		{705DAC9E-2754-4C90-B07F-78630506D96D}.Debug|Mixed Platforms.ActiveCfg = Debug|Any CPU
		{705DAC9E-2754-4C90-B07F-78630506D96D}.Debug|Mixed Platforms.Build.0 = Debug|Any CPU
		{705DAC9E-2754-4C90-B07F-78630506D96D}.Debug|x86.ActiveCfg = Debug|Any CPU
		{705DAC9E-2754-4C90-B07F-78630506D96D}.Release|Any CPU.ActiveCfg = Release|Any CPU
		{705DAC9E-2754-4C90-B07F-78630506D96D}.Release|Any CPU.Build.0 = Release|Any CPU
		{705DAC9E-2754-4C90-B07F-78630506D96D}.Release|Mixed Platforms.ActiveCfg = Release|Any CPU
		{705DAC9E-2754-4C90-B07F-78630506D96D}.Release|Mixed Platforms.Build.0 = Release|Any CPU
		{705DAC9E-2754-4C90-B07F-78630506D96D}.Release|x86.ActiveCfg = Release|Any CPU
	EndGlobalSection
	GlobalSection(SolutionProperties) = preSolution
		HideSolutionNode = FALSE
	EndGlobalSection
	GlobalSection(NestedProjects) = preSolution
		{705DAC9E-2754-4C90-B07F-78630506D96D} = {13DD940F-CA5E-41BF-929F-38DC2BC1783C}
	EndGlobalSection
	GlobalSection(ExtensibilityGlobals) = postSolution
		SolutionGuid = {672873E4-0948-440E-9511-0D4F613DB400}
	EndGlobalSection
EndGlobal
